
Microsoft Visual Studio Solution File, Format Version 12.00
# Visual Studio Version 17
VisualStudioVersion = 17.14.36127.28 d17.14
MinimumVisualStudioVersion = 10.0.40219.1
Project("{FAE04EC0-301F-11D3-BF4B-00C04F79EFBC}") = "Task3", "Task3\Task3.csproj", "{C2BA2D53-BE12-40B8-A900-63C38E26B9D1}"
EndProject
Global
	GlobalSection(SolutionConfigurationPlatforms) = preSolution
		Debug|Any CPU = Debug|Any CPU
		Release|Any CPU = Release|Any CPU
	EndGlobalSection
	GlobalSection(ProjectConfigurationPlatforms) = postSolution
		{C2BA2D53-BE12-40B8-A900-63C38E26B9D1}.Debug|Any CPU.ActiveCfg = Debug|Any CPU
		{C2BA2D53-BE12-40B8-A900-63C38E26B9D1}.Debug|Any CPU.Build.0 = Debug|Any CPU
		{C2BA2D53-BE12-40B8-A900-63C38E26B9D1}.Release|Any CPU.ActiveCfg = Release|Any CPU
		{C2BA2D53-BE12-40B8-A900-63C38E26B9D1}.Release|Any CPU.Build.0 = Release|Any CPU
	EndGlobalSection
	GlobalSection(SolutionProperties) = preSolution
		HideSolutionNode = FALSE
	EndGlobalSection
	GlobalSection(ExtensibilityGlobals) = postSolution
		SolutionGuid = {7ED90102-56C0-4814-9B3D-74B94A9F713D}
	EndGlobalSection
EndGlobal
